
Microsoft Visual Studio Solution File, Format Version 12.00
# Visual Studio 15
Project("{FAE04EC0-301F-11D3-BF4B-00C04F79EFBC}") = "Assembly-CSharp", "Assembly-CSharp.csproj", "{A6854AED-1F07-BD80-5A67-1867F0ABCFE8}"
EndProject
Project("{FAE04EC0-301F-11D3-BF4B-00C04F79EFBC}") = "AstarPathfindingProject", "AstarPathfindingProject.csproj", "{953B1C79-38F5-EFD8-E619-5710A58BB358}"
EndProject
Project("{FAE04EC0-301F-11D3-BF4B-00C04F79EFBC}") = "QFSW.QC.Grammar", "QFSW.QC.Grammar.csproj", "{A2E8205F-9B52-73CC-3519-EF36929CBA79}"
EndProject
Project("{FAE04EC0-301F-11D3-BF4B-00C04F79EFBC}") = "Assembly-CSharp-firstpass", "Assembly-CSharp-firstpass.csproj", "{05BB5E8F-7738-6C8E-1B9C-97DAFEBF1472}"
EndProject
Project("{FAE04EC0-301F-11D3-BF4B-00C04F79EFBC}") = "QFSW.QC", "QFSW.QC.csproj", "{CFB6C64A-E385-CA2F-CAEA-69323182B8EB}"
EndProject
Project("{FAE04EC0-301F-11D3-BF4B-00C04F79EFBC}") = "Config", "Config.csproj", "{70538972-A07F-D746-3FA2-C5D5ACCCCBEC}"
EndProject
Project("{FAE04EC0-301F-11D3-BF4B-00C04F79EFBC}") = "QFSW.QC.Extras", "QFSW.QC.Extras.csproj", "{B95D0862-A99A-E90F-6375-EC9EFA35BE7D}"
EndProject
Project("{FAE04EC0-301F-11D3-BF4B-00C04F79EFBC}") = "QFSW.QC.Serializers", "QFSW.QC.Serializers.csproj", "{A7F57A08-D609-8FEC-BCCF-8CCE312D6E4E}"
EndProject
Project("{FAE04EC0-301F-11D3-BF4B-00C04F79EFBC}") = "QFSW.QC.UI", "QFSW.QC.UI.csproj", "{2BC39C89-76A8-ED16-B566-70FCB6E4BB72}"
EndProject
Project("{FAE04EC0-301F-11D3-BF4B-00C04F79EFBC}") = "QFSW.QC.Parsers", "QFSW.QC.Parsers.csproj", "{E8ADF018-869B-31D2-B88D-BC84BD2F0F48}"
EndProject
Project("{FAE04EC0-301F-11D3-BF4B-00C04F79EFBC}") = "Sirenix.OdinInspector.CompatibilityLayer", "Sirenix.OdinInspector.CompatibilityLayer.csproj", "{5F09A00D-8D84-B57A-00B5-91661E6EE5A3}"
EndProject
Project("{FAE04EC0-301F-11D3-BF4B-00C04F79EFBC}") = "Assembly-CSharp-Editor-firstpass", "Assembly-CSharp-Editor-firstpass.csproj", "{2E183F75-0431-578D-6F99-51A89B89BD0F}"
EndProject
Project("{FAE04EC0-301F-11D3-BF4B-00C04F79EFBC}") = "QFSW.QC.QGUI", "QFSW.QC.QGUI.csproj", "{666623D8-9C18-664B-6071-E5E3C3AF5555}"
EndProject
Project("{FAE04EC0-301F-11D3-BF4B-00C04F79EFBC}") = "QFSW.QC.Editor", "QFSW.QC.Editor.csproj", "{1ACEC67C-0B52-07D5-9ADC-A844BBB067F6}"
EndProject
Project("{FAE04EC0-301F-11D3-BF4B-00C04F79EFBC}") = "AstarPathfindingProjectEditor", "AstarPathfindingProjectEditor.csproj", "{4F2E4551-0FCD-50E3-650F-6E8D34327B26}"
EndProject
Project("{FAE04EC0-301F-11D3-BF4B-00C04F79EFBC}") = "Assembly-CSharp-Editor", "Assembly-CSharp-Editor.csproj", "{99A0A0A2-6430-E374-B6FB-A299FC938EFE}"
EndProject
Project("{FAE04EC0-301F-11D3-BF4B-00C04F79EFBC}") = "Sirenix.OdinInspector.CompatibilityLayer.Editor", "Sirenix.OdinInspector.CompatibilityLayer.Editor.csproj", "{3F3816E9-E53D-C9B8-C09A-4B02E6BD7CBC}"
EndProject
Project("{FAE04EC0-301F-11D3-BF4B-00C04F79EFBC}") = "PackageToolsEditor", "PackageToolsEditor.csproj", "{76A946BA-32CA-C82A-11E5-E7FEF6A111EF}"
EndProject
Project("{FAE04EC0-301F-11D3-BF4B-00C04F79EFBC}") = "QFSW.QC.Editor.Tools", "QFSW.QC.Editor.Tools.csproj", "{BDA422C5-B356-1E4D-ED19-D342A4B268BE}"
EndProject
Global
	GlobalSection(SolutionConfigurationPlatforms) = preSolution
		Debug|Any CPU = Debug|Any CPU
		Release|Any CPU = Release|Any CPU
	EndGlobalSection
	GlobalSection(ProjectConfigurationPlatforms) = postSolution
		{A6854AED-1F07-BD80-5A67-1867F0ABCFE8}.Debug|Any CPU.ActiveCfg = Debug|Any CPU
		{A6854AED-1F07-BD80-5A67-1867F0ABCFE8}.Debug|Any CPU.Build.0 = Debug|Any CPU
		{A6854AED-1F07-BD80-5A67-1867F0ABCFE8}.Release|Any CPU.ActiveCfg = Release|Any CPU
		{A6854AED-1F07-BD80-5A67-1867F0ABCFE8}.Release|Any CPU.Build.0 = Release|Any CPU
		{953B1C79-38F5-EFD8-E619-5710A58BB358}.Debug|Any CPU.ActiveCfg = Debug|Any CPU
		{953B1C79-38F5-EFD8-E619-5710A58BB358}.Debug|Any CPU.Build.0 = Debug|Any CPU
		{953B1C79-38F5-EFD8-E619-5710A58BB358}.Release|Any CPU.ActiveCfg = Release|Any CPU
		{953B1C79-38F5-EFD8-E619-5710A58BB358}.Release|Any CPU.Build.0 = Release|Any CPU
		{A2E8205F-9B52-73CC-3519-EF36929CBA79}.Debug|Any CPU.ActiveCfg = Debug|Any CPU
		{A2E8205F-9B52-73CC-3519-EF36929CBA79}.Debug|Any CPU.Build.0 = Debug|Any CPU
		{A2E8205F-9B52-73CC-3519-EF36929CBA79}.Release|Any CPU.ActiveCfg = Release|Any CPU
		{A2E8205F-9B52-73CC-3519-EF36929CBA79}.Release|Any CPU.Build.0 = Release|Any CPU
		{05BB5E8F-7738-6C8E-1B9C-97DAFEBF1472}.Debug|Any CPU.ActiveCfg = Debug|Any CPU
		{05BB5E8F-7738-6C8E-1B9C-97DAFEBF1472}.Debug|Any CPU.Build.0 = Debug|Any CPU
		{05BB5E8F-7738-6C8E-1B9C-97DAFEBF1472}.Release|Any CPU.ActiveCfg = Release|Any CPU
		{05BB5E8F-7738-6C8E-1B9C-97DAFEBF1472}.Release|Any CPU.Build.0 = Release|Any CPU
		{CFB6C64A-E385-CA2F-CAEA-69323182B8EB}.Debug|Any CPU.ActiveCfg = Debug|Any CPU
		{CFB6C64A-E385-CA2F-CAEA-69323182B8EB}.Debug|Any CPU.Build.0 = Debug|Any CPU
		{CFB6C64A-E385-CA2F-CAEA-69323182B8EB}.Release|Any CPU.ActiveCfg = Release|Any CPU
		{CFB6C64A-E385-CA2F-CAEA-69323182B8EB}.Release|Any CPU.Build.0 = Release|Any CPU
		{70538972-A07F-D746-3FA2-C5D5ACCCCBEC}.Debug|Any CPU.ActiveCfg = Debug|Any CPU
		{70538972-A07F-D746-3FA2-C5D5ACCCCBEC}.Debug|Any CPU.Build.0 = Debug|Any CPU
		{70538972-A07F-D746-3FA2-C5D5ACCCCBEC}.Release|Any CPU.ActiveCfg = Release|Any CPU
		{70538972-A07F-D746-3FA2-C5D5ACCCCBEC}.Release|Any CPU.Build.0 = Release|Any CPU
		{B95D0862-A99A-E90F-6375-EC9EFA35BE7D}.Debug|Any CPU.ActiveCfg = Debug|Any CPU
		{B95D0862-A99A-E90F-6375-EC9EFA35BE7D}.Debug|Any CPU.Build.0 = Debug|Any CPU
		{B95D0862-A99A-E90F-6375-EC9EFA35BE7D}.Release|Any CPU.ActiveCfg = Release|Any CPU
		{B95D0862-A99A-E90F-6375-EC9EFA35BE7D}.Release|Any CPU.Build.0 = Release|Any CPU
		{A7F57A08-D609-8FEC-BCCF-8CCE312D6E4E}.Debug|Any CPU.ActiveCfg = Debug|Any CPU
		{A7F57A08-D609-8FEC-BCCF-8CCE312D6E4E}.Debug|Any CPU.Build.0 = Debug|Any CPU
		{A7F57A08-D609-8FEC-BCCF-8CCE312D6E4E}.Release|Any CPU.ActiveCfg = Release|Any CPU
		{A7F57A08-D609-8FEC-BCCF-8CCE312D6E4E}.Release|Any CPU.Build.0 = Release|Any CPU
		{2BC39C89-76A8-ED16-B566-70FCB6E4BB72}.Debug|Any CPU.ActiveCfg = Debug|Any CPU
		{2BC39C89-76A8-ED16-B566-70FCB6E4BB72}.Debug|Any CPU.Build.0 = Debug|Any CPU
		{2BC39C89-76A8-ED16-B566-70FCB6E4BB72}.Release|Any CPU.ActiveCfg = Release|Any CPU
		{2BC39C89-76A8-ED16-B566-70FCB6E4BB72}.Release|Any CPU.Build.0 = Release|Any CPU
		{E8ADF018-869B-31D2-B88D-BC84BD2F0F48}.Debug|Any CPU.ActiveCfg = Debug|Any CPU
		{E8ADF018-869B-31D2-B88D-BC84BD2F0F48}.Debug|Any CPU.Build.0 = Debug|Any CPU
		{E8ADF018-869B-31D2-B88D-BC84BD2F0F48}.Release|Any CPU.ActiveCfg = Release|Any CPU
		{E8ADF018-869B-31D2-B88D-BC84BD2F0F48}.Release|Any CPU.Build.0 = Release|Any CPU
		{5F09A00D-8D84-B57A-00B5-91661E6EE5A3}.Debug|Any CPU.ActiveCfg = Debug|Any CPU
		{5F09A00D-8D84-B57A-00B5-91661E6EE5A3}.Debug|Any CPU.Build.0 = Debug|Any CPU
		{5F09A00D-8D84-B57A-00B5-91661E6EE5A3}.Release|Any CPU.ActiveCfg = Release|Any CPU
		{5F09A00D-8D84-B57A-00B5-91661E6EE5A3}.Release|Any CPU.Build.0 = Release|Any CPU
		{2E183F75-0431-578D-6F99-51A89B89BD0F}.Debug|Any CPU.ActiveCfg = Debug|Any CPU
		{2E183F75-0431-578D-6F99-51A89B89BD0F}.Debug|Any CPU.Build.0 = Debug|Any CPU
		{2E183F75-0431-578D-6F99-51A89B89BD0F}.Release|Any CPU.ActiveCfg = Release|Any CPU
		{2E183F75-0431-578D-6F99-51A89B89BD0F}.Release|Any CPU.Build.0 = Release|Any CPU
		{666623D8-9C18-664B-6071-E5E3C3AF5555}.Debug|Any CPU.ActiveCfg = Debug|Any CPU
		{666623D8-9C18-664B-6071-E5E3C3AF5555}.Debug|Any CPU.Build.0 = Debug|Any CPU
		{666623D8-9C18-664B-6071-E5E3C3AF5555}.Release|Any CPU.ActiveCfg = Release|Any CPU
		{666623D8-9C18-664B-6071-E5E3C3AF5555}.Release|Any CPU.Build.0 = Release|Any CPU
		{1ACEC67C-0B52-07D5-9ADC-A844BBB067F6}.Debug|Any CPU.ActiveCfg = Debug|Any CPU
		{1ACEC67C-0B52-07D5-9ADC-A844BBB067F6}.Debug|Any CPU.Build.0 = Debug|Any CPU
		{1ACEC67C-0B52-07D5-9ADC-A844BBB067F6}.Release|Any CPU.ActiveCfg = Release|Any CPU
		{1ACEC67C-0B52-07D5-9ADC-A844BBB067F6}.Release|Any CPU.Build.0 = Release|Any CPU
		{4F2E4551-0FCD-50E3-650F-6E8D34327B26}.Debug|Any CPU.ActiveCfg = Debug|Any CPU
		{4F2E4551-0FCD-50E3-650F-6E8D34327B26}.Debug|Any CPU.Build.0 = Debug|Any CPU
		{4F2E4551-0FCD-50E3-650F-6E8D34327B26}.Release|Any CPU.ActiveCfg = Release|Any CPU
		{4F2E4551-0FCD-50E3-650F-6E8D34327B26}.Release|Any CPU.Build.0 = Release|Any CPU
		{99A0A0A2-6430-E374-B6FB-A299FC938EFE}.Debug|Any CPU.ActiveCfg = Debug|Any CPU
		{99A0A0A2-6430-E374-B6FB-A299FC938EFE}.Debug|Any CPU.Build.0 = Debug|Any CPU
		{99A0A0A2-6430-E374-B6FB-A299FC938EFE}.Release|Any CPU.ActiveCfg = Release|Any CPU
		{99A0A0A2-6430-E374-B6FB-A299FC938EFE}.Release|Any CPU.Build.0 = Release|Any CPU
		{3F3816E9-E53D-C9B8-C09A-4B02E6BD7CBC}.Debug|Any CPU.ActiveCfg = Debug|Any CPU
		{3F3816E9-E53D-C9B8-C09A-4B02E6BD7CBC}.Debug|Any CPU.Build.0 = Debug|Any CPU
		{3F3816E9-E53D-C9B8-C09A-4B02E6BD7CBC}.Release|Any CPU.ActiveCfg = Release|Any CPU
		{3F3816E9-E53D-C9B8-C09A-4B02E6BD7CBC}.Release|Any CPU.Build.0 = Release|Any CPU
		{76A946BA-32CA-C82A-11E5-E7FEF6A111EF}.Debug|Any CPU.ActiveCfg = Debug|Any CPU
		{76A946BA-32CA-C82A-11E5-E7FEF6A111EF}.Debug|Any CPU.Build.0 = Debug|Any CPU
		{76A946BA-32CA-C82A-11E5-E7FEF6A111EF}.Release|Any CPU.ActiveCfg = Release|Any CPU
		{76A946BA-32CA-C82A-11E5-E7FEF6A111EF}.Release|Any CPU.Build.0 = Release|Any CPU
		{BDA422C5-B356-1E4D-ED19-D342A4B268BE}.Debug|Any CPU.ActiveCfg = Debug|Any CPU
		{BDA422C5-B356-1E4D-ED19-D342A4B268BE}.Debug|Any CPU.Build.0 = Debug|Any CPU
		{BDA422C5-B356-1E4D-ED19-D342A4B268BE}.Release|Any CPU.ActiveCfg = Release|Any CPU
		{BDA422C5-B356-1E4D-ED19-D342A4B268BE}.Release|Any CPU.Build.0 = Release|Any CPU
	EndGlobalSection
	GlobalSection(SolutionProperties) = preSolution
		HideSolutionNode = FALSE
	EndGlobalSection
EndGlobal
